schema: '2.0'
stages:
  data_cleaning:
    cmd: time python src/preprocessing/data_cleaning.py data/raw/lucas.csv.gz data/preprocessed/cleaned_data.csv.gz
    deps:
    - path: data/raw/lucas.csv.gz
      md5: 3ea8e5d4f415ddba6a294bee61e55db6
      size: 28112307
    - path: src/preprocessing/data_cleaning.py
      md5: 5eebdb474584b6782349e22d1c9f1f10
      size: 853
    outs:
    - path: data/preprocessed/cleaned_data.csv.gz
      md5: e6b91bd3d9382687fbb84172b7d2de54
      size: 27383059
  correlation_analysis:
    cmd: "time python src/analysing/correlation_analysis.py data/preprocessed/cleaned_data.csv.gz\
      \ results/correlation_analysis/soc_percent_correlations.csv results/correlation_analysis/correlation_bar_graph.png\
      \ results/correlation_analysis/scatterplot_matrix.png\n"
    deps:
    - path: data/preprocessed/cleaned_data.csv.gz
      md5: e6b91bd3d9382687fbb84172b7d2de54
      size: 27383059
    - path: src/analysing/correlation_analysis.py
      md5: e4034a6f4d7a74986c1d386dfccd8bfa
      size: 3442
    outs:
    - path: results/correlation_analysis/correlation_bar_graph.png
      md5: 1e4b666bcf0f93899bd51349ae521b15
      size: 45191
    - path: results/correlation_analysis/scatterplot_matrix.png
      md5: 66fb801f37034917c75076b6f6c5be8f
      size: 1985953
    - path: results/correlation_analysis/soc_percent_correlations.csv
      md5: c13ecf37b0d0ad5758e705df5e62443e
      size: 12263
  data_imputation:
    cmd: time python src/preprocessing/data_imputation.py data/preprocessed/cleaned_data.csv.gz
      data/imputed/imputed_data.csv.gz
    deps:
    - path: data/preprocessed/cleaned_data.csv.gz
      md5: e6b91bd3d9382687fbb84172b7d2de54
      size: 27383059
    - path: src/preprocessing/data_imputation.py
      md5: 4a31f2dffa58167ea698efadbd7b48eb
      size: 1509
    outs:
    - path: data/imputed/imputed_data.csv.gz
      md5: 5aa8cbaf4306a3af7b2023045445952c
      size: 27554564
