schema: '2.0'
stages:
  data_cleaning:
    cmd: "time python src/preprocessing/data_cleaning.py data/raw/lucas.csv.gz data/preprocessed/cleaned_data.csv.gz\n"
    deps:
    - path: data/raw/lucas.csv.gz
      hash: md5
      md5: 3ea8e5d4f415ddba6a294bee61e55db6
      size: 28112307
    - path: src/preprocessing/data_cleaning.py
      hash: md5
      md5: 13430d1580633ab56d80cea897ed91ff
      size: 1194
    outs:
    - path: data/preprocessed/cleaned_data.csv.gz
      hash: md5
      md5: 8d0b485e8370f760209bd0de89fcd8c4
      size: 27383059
  correlation_analysis:
    cmd: "time python src/analysing/correlation_analysis.py data/preprocessed/cleaned_data.csv.gz\
      \ results/correlation_analysis/soc_percent_correlations.csv results/correlation_analysis/correlation_bar_graph.png\
      \ results/correlation_analysis/scatterplot_matrix.png\n"
    deps:
    - path: data/preprocessed/cleaned_data.csv.gz
      hash: md5
      md5: 8d0b485e8370f760209bd0de89fcd8c4
      size: 27383059
    - path: src/analysing/correlation_analysis.py
      hash: md5
      md5: 7b94909542af98f8be75b190f18fa471
      size: 4007
    outs:
    - path: results/correlation_analysis/correlation_bar_graph.png
      hash: md5
      md5: dfbd456ea5ab715c9984b0b1df3f1eb9
      size: 45099
    - path: results/correlation_analysis/scatterplot_matrix.png
      hash: md5
      md5: a1d8145ba5300c8ddc92d19c0e1600e4
      size: 1984548
    - path: results/correlation_analysis/soc_percent_correlations.csv
      hash: md5
      md5: c13ecf37b0d0ad5758e705df5e62443e
      size: 12263
  data_imputation:
    cmd: "time python src/preprocessing/data_imputation.py data/preprocessed/cleaned_data.csv.gz\
      \ data/imputed/imputed_data.csv.gz\n"
    deps:
    - path: data/preprocessed/cleaned_data.csv.gz
      hash: md5
      md5: 8d0b485e8370f760209bd0de89fcd8c4
      size: 27383059
    - path: src/preprocessing/data_imputation.py
      hash: md5
      md5: 49c7dead8ba2180e2faa10e339b87be4
      size: 2225
    outs:
    - path: data/imputed/imputed_data.csv.gz
      hash: md5
      md5: 26a7461bfc273013a2e1f483dc2bb645
      size: 27554564
  regression_analysis:
    cmd: "time python src/analysing/regression_analysis.py data/imputed/imputed_data.csv.gz\
      \ results/regression_analysis/predictions.csv results/regression_analysis/regression_coefficients.csv\
      \ results/regression_analysis/predicted_vs_actual_plot.png results/regression_analysis/regression_plot.png\
      \ models/regression_analysis/rf_model.pkl\n"
    deps:
    - path: data/imputed/imputed_data.csv.gz
      hash: md5
      md5: 26a7461bfc273013a2e1f483dc2bb645
      size: 27554564
    - path: src/analysing/regression_analysis.py
      hash: md5
      md5: 8ae115e6dca4e133a8607bd699725e2d
      size: 5174
    outs:
    - path: models/regression_analysis/rf_model.pkl
      hash: md5
      md5: 46ead5d665e7b76c9ff9a283fba633ab
      size: 396628737
    - path: results/regression_analysis/predicted_vs_actual_plot.png
      hash: md5
      md5: 092a49a518da58783da8f0ca41481d9f
      size: 105695
    - path: results/regression_analysis/predictions.csv
      hash: md5
      md5: 7c7aeaadecc5195d6b4690566710b943
      size: 275680
    - path: results/regression_analysis/regression_coefficients.csv
      hash: md5
      md5: c59708a4107d0a225882b149f94b2604
      size: 12437
    - path: results/regression_analysis/regression_plot.png
      hash: md5
      md5: d9c1d03aaada0e7945290c40707d1193
      size: 80589
  permutation_importance:
    cmd: "time python src/analysing/permutation_importance_analysis.py data/imputed/imputed_data.csv.gz\
      \ results/permutation_importance_analysis/permutation_importance.csv results/permutation_importance_analysis/permutation_importance.png\
      \  models/regression_analysis/rf_model.pkl\n"
    deps:
    - path: data/imputed/imputed_data.csv.gz
      hash: md5
      md5: 26a7461bfc273013a2e1f483dc2bb645
      size: 27554564
    - path: models/regression_analysis/rf_model.pkl
      hash: md5
      md5: 46ead5d665e7b76c9ff9a283fba633ab
      size: 396628737
    - path: src/analysing/permutation_importance_analysis.py
      hash: md5
      md5: 8bbf7bf31b6f4edeece0757d60d85554
      size: 3153
    outs:
    - path: results/permutation_importance_analysis/permutation_importance.csv
      hash: md5
      md5: a04b4e4e7d817ab2c2a03ec692a0cbec
      size: 16341
    - path: results/permutation_importance_analysis/permutation_importance.png
      hash: md5
      md5: ef75f9140fd4cd1f7064ee34628f8197
      size: 58492
  clustering_analysis:
    cmd: "python src/analysing/clustering_analysis.py data/imputed/imputed_data.csv.gz\
      \ results/clustering_analysis\n"
    deps:
    - path: data/imputed/imputed_data.csv.gz
      hash: md5
      md5: 5fdaa4ad8e9da3d424767e7087526e24
      size: 27567121
    - path: src/analysing/clustering_analysis.py
      hash: md5
      md5: 8856a0f4510cc36ab5801ff43cb300b0
      size: 3497
    outs:
    - path: results/clustering_analysis
      hash: md5
      md5: 14cdb57eab9d4b4feed20343f1e2d631.dir
      size: 88836323
      nfiles: 11
  lasso_regression:
    cmd: "time python src/machine_learning/lasso_regression.py data/imputed/imputed_data.csv.gz\
      \ models/lasso_regression/lr_model.pkl results/lasso_regression/lasso_coefficients.csv\
      \ results/lasso_regression/lasso_regression_plot.png\n"
    deps:
    - path: data/imputed/imputed_data.csv.gz
      hash: md5
      md5: 26a7461bfc273013a2e1f483dc2bb645
      size: 27554564
    - path: src/machine_learning/lasso_regression.py
      hash: md5
      md5: 8748750802f370cdc47fae5560099cf2
      size: 4842
    outs:
    - path: models/lasso_regression/lr_model.pkl
      hash: md5
      md5: 2999cbb1508979f29ba91dfc347cbcfc
      size: 405749
    - path: results/lasso_regression/lasso_coefficients.csv
      hash: md5
      md5: b396d09cf20681a46c8d329ed00f6865
      size: 11192
    - path: results/lasso_regression/lasso_regression_plot.png
      hash: md5
      md5: d8e144be1d3b94730f1970c3ff89d0a6
      size: 190784
  svm_regression:
    cmd: "time python src/machine_learning/svm_regression.py data/imputed/imputed_data.csv.gz\
      \ models/svm_regression/svm_model.pkl results/svm_regression/svm_regression_plot.png\n"
    deps:
    - path: data/imputed/imputed_data.csv.gz
      hash: md5
      md5: 26a7461bfc273013a2e1f483dc2bb645
      size: 27554564
    - path: src/machine_learning/svm_regression.py
      hash: md5
      md5: 0c85d08e761738d437e8a994f7cb0422
      size: 4440
    outs:
    - path: models/svm_regression/svm_model.pkl
      hash: md5
      md5: 7efd7d25b49b4eea4e77498b31fac108
      size: 69048480
    - path: results/svm_regression/svm_regression_plot.png
      hash: md5
      md5: 2a9c72ca0485b2bf24b7deffd9d6b197
      size: 53711
